
Microsoft Visual Studio Solution File, Format Version 12.00
# Visual Studio Version 17
VisualStudioVersion = 17.10.35013.160
MinimumVisualStudioVersion = 10.0.40219.1
Project("{FAE04EC0-301F-11D3-BF4B-00C04F79EFBC}") = "MVCWithLinq3", "MVCWithLinq3\MVCWithLinq3.csproj", "{0A11AF4E-473E-4C62-8704-8E4582475743}"
EndProject
Global
	GlobalSection(SolutionConfigurationPlatforms) = preSolution
		Debug|Any CPU = Debug|Any CPU
		Release|Any CPU = Release|Any CPU
	EndGlobalSection
	GlobalSection(ProjectConfigurationPlatforms) = postSolution
		{0A11AF4E-473E-4C62-8704-8E4582475743}.Debug|Any CPU.ActiveCfg = Debug|Any CPU
		{0A11AF4E-473E-4C62-8704-8E4582475743}.Debug|Any CPU.Build.0 = Debug|Any CPU
		{0A11AF4E-473E-4C62-8704-8E4582475743}.Release|Any CPU.ActiveCfg = Release|Any CPU
		{0A11AF4E-473E-4C62-8704-8E4582475743}.Release|Any CPU.Build.0 = Release|Any CPU
	EndGlobalSection
	GlobalSection(SolutionProperties) = preSolution
		HideSolutionNode = FALSE
	EndGlobalSection
	GlobalSection(ExtensibilityGlobals) = postSolution
		SolutionGuid = {C770D0CC-1C0C-43BA-A29A-73AB4F6EB990}
	EndGlobalSection
EndGlobal
